
Microsoft Visual Studio Solution File, Format Version 12.00
# Visual Studio 15
VisualStudioVersion = 15.0.27428.2037
MinimumVisualStudioVersion = 10.0.40219.1
Project("{9A19103F-16F7-4668-BE54-9A1E7A4F7556}") = "UnitTests", "UnitTests\UnitTests.csproj", "{23235468-C03B-4B86-823C-0DBD91B3A025}"
EndProject
Project("{2150E333-8FDC-42A3-9474-1A3956D46DE8}") = "ConcurrencyExamples", "ConcurrencyExamples", "{8CDDE909-CDB0-4C8F-89FB-F05E32F4AA8D}"
EndProject
Project("{9A19103F-16F7-4668-BE54-9A1E7A4F7556}") = "BasicStartHere", "BasicStartHere\BasicStartHere.csproj", "{D6B521C2-7AF3-47E7-A7D8-8A5965B500D3}"
EndProject
Project("{9A19103F-16F7-4668-BE54-9A1E7A4F7556}") = "BasicToleranceToFailure", "ConcurrencyExamples\BasicToleranceToExceptions\BasicToleranceToFailure.csproj", "{4ED32EE8-B62C-4126-ACE9-2FAD7F176D14}"
EndProject
Project("{9A19103F-16F7-4668-BE54-9A1E7A4F7556}") = "DiningPhilosophers", "ConcurrencyExamples\DiningPhilosophers\DiningPhilosophers.csproj", "{C35BC8EA-890A-4567-96DD-0752F56A9E92}"
EndProject
Project("{9A19103F-16F7-4668-BE54-9A1E7A4F7556}") = "RolePlayingGame", "ConcurrencyExamples\RolePlayingGame\RolePlayingGame.csproj", "{8B2F6D3F-ACA1-4599-AC71-2BB2E64D6E70}"
EndProject
Project("{9A19103F-16F7-4668-BE54-9A1E7A4F7556}") = "Usenet", "ConcurrencyExamples\Usenet\Usenet.csproj", "{64D65762-2752-4438-BDA5-767BF3D7ED41}"
EndProject
Project("{2150E333-8FDC-42A3-9474-1A3956D46DE8}") = "DistributedExamples-Azure", "DistributedExamples-Azure", "{40414E30-AEBA-4EE8-B937-BA18A0807A4B}"
EndProject
Project("{9A19103F-16F7-4668-BE54-9A1E7A4F7556}") = "PingPongLib", "DistibutedExamples-Azure\PingPong\PingPongLib.csproj", "{813934FE-69E0-4DF3-A0F0-38EF4B44925C}"
EndProject
Project("{9A19103F-16F7-4668-BE54-9A1E7A4F7556}") = "StartHere", "DistibutedExamples-Azure\StartHere\StartHere.csproj", "{048EFC32-EA38-4ECA-A049-A5902878B8C9}"
EndProject
Project("{9A19103F-16F7-4668-BE54-9A1E7A4F7556}") = "Telegraphy.Azure.Storage", "Telegraphy.Azure.Storage\Telegraphy.Azure.Storage.csproj", "{DD226079-C9A8-4ADE-9DF5-0A137D3CE3EF}"
EndProject
Project("{9A19103F-16F7-4668-BE54-9A1E7A4F7556}") = "Telegraphy.Azure.EventHub", "Telegraphy.Azure.EventHub\Telegraphy.Azure.EventHub.csproj", "{FC75508F-F071-4955-9929-FF9F34C1955F}"
EndProject
Project("{9A19103F-16F7-4668-BE54-9A1E7A4F7556}") = "Telegraphy.Azure.ServiceBus", "Telegraphy.Azure.ServiceBus\Telegraphy.Azure.ServiceBus.csproj", "{8F95AB80-4375-4A04-B4C0-AB3AB8D298B5}"
EndProject
Project("{9A19103F-16F7-4668-BE54-9A1E7A4F7556}") = "Telegraphy.Net", "Telegraphy.Net\Telegraphy.Net.csproj", "{0D5EDA21-0E26-4E10-B109-BFA71559163E}"
EndProject
Project("{9A19103F-16F7-4668-BE54-9A1E7A4F7556}") = "Telegraphy.Msmq", "Telegraphy.Msmq\Telegraphy.Msmq.csproj", "{0A0F295D-D14D-4C86-B558-A08B8DB107D9}"
EndProject
Project("{2150E333-8FDC-42A3-9474-1A3956D46DE8}") = "DistributedExamples-Msmq", "DistributedExamples-Msmq", "{C5D8D638-AB43-4A7D-8FF6-336B5798A776}"
EndProject
Project("{FAE04EC0-301F-11D3-BF4B-00C04F79EFBC}") = "StartHere", "DistributedExamples-Msmq\StartHere\StartHere.csproj", "{43B5863F-FF6B-4A58-B5CA-4841BFCC4171}"
EndProject
Project("{2150E333-8FDC-42A3-9474-1A3956D46DE8}") = "Testing", "Testing", "{541A6CCA-18E5-4FD2-AEE7-B6E33EEB3359}"
EndProject
Project("{FAE04EC0-301F-11D3-BF4B-00C04F79EFBC}") = "DurableSender", "DistributedExamples-Msmq\DurableSender\DurableSender.csproj", "{7663E06A-EE80-4D5A-9E2C-030D254A18CF}"
EndProject
Project("{FAE04EC0-301F-11D3-BF4B-00C04F79EFBC}") = "Telegraphy.Azure.Relay.Wcf", "Telegraphy.Azure.Relay.Wcf\Telegraphy.Azure.Relay.Wcf.csproj", "{6011F0BE-884F-4351-B1A4-01599C75A006}"
EndProject
Project("{FAE04EC0-301F-11D3-BF4B-00C04F79EFBC}") = "Telegraphy.Azure.Relay.Hybrid", "Telegraphy.Azure.Relay.Hybrid\Telegraphy.Azure.Relay.Hybrid.csproj", "{7CA206D0-7BF4-4A8B-823C-1BFA42BC206D}"
EndProject
Project("{FAE04EC0-301F-11D3-BF4B-00C04F79EFBC}") = "Telegraphy.Http", "Telegraphy.Http\Telegraphy.Http.csproj", "{0FBF5A6A-4C11-4AA1-9F49-E04D5D7584E0}"
EndProject
Global
	GlobalSection(SolutionConfigurationPlatforms) = preSolution
		Debug|Any CPU = Debug|Any CPU
		Release|Any CPU = Release|Any CPU
	EndGlobalSection
	GlobalSection(ProjectConfigurationPlatforms) = postSolution
		{23235468-C03B-4B86-823C-0DBD91B3A025}.Debug|Any CPU.ActiveCfg = Debug|Any CPU
		{23235468-C03B-4B86-823C-0DBD91B3A025}.Debug|Any CPU.Build.0 = Debug|Any CPU
		{23235468-C03B-4B86-823C-0DBD91B3A025}.Release|Any CPU.ActiveCfg = Release|Any CPU
		{23235468-C03B-4B86-823C-0DBD91B3A025}.Release|Any CPU.Build.0 = Release|Any CPU
		{D6B521C2-7AF3-47E7-A7D8-8A5965B500D3}.Debug|Any CPU.ActiveCfg = Debug|Any CPU
		{D6B521C2-7AF3-47E7-A7D8-8A5965B500D3}.Debug|Any CPU.Build.0 = Debug|Any CPU
		{D6B521C2-7AF3-47E7-A7D8-8A5965B500D3}.Release|Any CPU.ActiveCfg = Release|Any CPU
		{D6B521C2-7AF3-47E7-A7D8-8A5965B500D3}.Release|Any CPU.Build.0 = Release|Any CPU
		{4ED32EE8-B62C-4126-ACE9-2FAD7F176D14}.Debug|Any CPU.ActiveCfg = Debug|Any CPU
		{4ED32EE8-B62C-4126-ACE9-2FAD7F176D14}.Debug|Any CPU.Build.0 = Debug|Any CPU
		{4ED32EE8-B62C-4126-ACE9-2FAD7F176D14}.Release|Any CPU.ActiveCfg = Release|Any CPU
		{4ED32EE8-B62C-4126-ACE9-2FAD7F176D14}.Release|Any CPU.Build.0 = Release|Any CPU
		{C35BC8EA-890A-4567-96DD-0752F56A9E92}.Debug|Any CPU.ActiveCfg = Debug|Any CPU
		{C35BC8EA-890A-4567-96DD-0752F56A9E92}.Debug|Any CPU.Build.0 = Debug|Any CPU
		{C35BC8EA-890A-4567-96DD-0752F56A9E92}.Release|Any CPU.ActiveCfg = Release|Any CPU
		{C35BC8EA-890A-4567-96DD-0752F56A9E92}.Release|Any CPU.Build.0 = Release|Any CPU
		{8B2F6D3F-ACA1-4599-AC71-2BB2E64D6E70}.Debug|Any CPU.ActiveCfg = Debug|Any CPU
		{8B2F6D3F-ACA1-4599-AC71-2BB2E64D6E70}.Debug|Any CPU.Build.0 = Debug|Any CPU
		{8B2F6D3F-ACA1-4599-AC71-2BB2E64D6E70}.Release|Any CPU.ActiveCfg = Release|Any CPU
		{8B2F6D3F-ACA1-4599-AC71-2BB2E64D6E70}.Release|Any CPU.Build.0 = Release|Any CPU
		{64D65762-2752-4438-BDA5-767BF3D7ED41}.Debug|Any CPU.ActiveCfg = Debug|Any CPU
		{64D65762-2752-4438-BDA5-767BF3D7ED41}.Debug|Any CPU.Build.0 = Debug|Any CPU
		{64D65762-2752-4438-BDA5-767BF3D7ED41}.Release|Any CPU.ActiveCfg = Release|Any CPU
		{64D65762-2752-4438-BDA5-767BF3D7ED41}.Release|Any CPU.Build.0 = Release|Any CPU
		{813934FE-69E0-4DF3-A0F0-38EF4B44925C}.Debug|Any CPU.ActiveCfg = Debug|Any CPU
		{813934FE-69E0-4DF3-A0F0-38EF4B44925C}.Debug|Any CPU.Build.0 = Debug|Any CPU
		{813934FE-69E0-4DF3-A0F0-38EF4B44925C}.Release|Any CPU.ActiveCfg = Release|Any CPU
		{813934FE-69E0-4DF3-A0F0-38EF4B44925C}.Release|Any CPU.Build.0 = Release|Any CPU
		{048EFC32-EA38-4ECA-A049-A5902878B8C9}.Debug|Any CPU.ActiveCfg = Debug|Any CPU
		{048EFC32-EA38-4ECA-A049-A5902878B8C9}.Debug|Any CPU.Build.0 = Debug|Any CPU
		{048EFC32-EA38-4ECA-A049-A5902878B8C9}.Release|Any CPU.ActiveCfg = Release|Any CPU
		{048EFC32-EA38-4ECA-A049-A5902878B8C9}.Release|Any CPU.Build.0 = Release|Any CPU
		{DD226079-C9A8-4ADE-9DF5-0A137D3CE3EF}.Debug|Any CPU.ActiveCfg = Debug|Any CPU
		{DD226079-C9A8-4ADE-9DF5-0A137D3CE3EF}.Debug|Any CPU.Build.0 = Debug|Any CPU
		{DD226079-C9A8-4ADE-9DF5-0A137D3CE3EF}.Release|Any CPU.ActiveCfg = Release|Any CPU
		{DD226079-C9A8-4ADE-9DF5-0A137D3CE3EF}.Release|Any CPU.Build.0 = Release|Any CPU
		{FC75508F-F071-4955-9929-FF9F34C1955F}.Debug|Any CPU.ActiveCfg = Debug|Any CPU
		{FC75508F-F071-4955-9929-FF9F34C1955F}.Debug|Any CPU.Build.0 = Debug|Any CPU
		{FC75508F-F071-4955-9929-FF9F34C1955F}.Release|Any CPU.ActiveCfg = Release|Any CPU
		{FC75508F-F071-4955-9929-FF9F34C1955F}.Release|Any CPU.Build.0 = Release|Any CPU
		{8F95AB80-4375-4A04-B4C0-AB3AB8D298B5}.Debug|Any CPU.ActiveCfg = Debug|Any CPU
		{8F95AB80-4375-4A04-B4C0-AB3AB8D298B5}.Debug|Any CPU.Build.0 = Debug|Any CPU
		{8F95AB80-4375-4A04-B4C0-AB3AB8D298B5}.Release|Any CPU.ActiveCfg = Release|Any CPU
		{8F95AB80-4375-4A04-B4C0-AB3AB8D298B5}.Release|Any CPU.Build.0 = Release|Any CPU
		{0D5EDA21-0E26-4E10-B109-BFA71559163E}.Debug|Any CPU.ActiveCfg = Debug|Any CPU
		{0D5EDA21-0E26-4E10-B109-BFA71559163E}.Debug|Any CPU.Build.0 = Debug|Any CPU
		{0D5EDA21-0E26-4E10-B109-BFA71559163E}.Release|Any CPU.ActiveCfg = Release|Any CPU
		{0D5EDA21-0E26-4E10-B109-BFA71559163E}.Release|Any CPU.Build.0 = Release|Any CPU
		{0A0F295D-D14D-4C86-B558-A08B8DB107D9}.Debug|Any CPU.ActiveCfg = Debug|Any CPU
		{0A0F295D-D14D-4C86-B558-A08B8DB107D9}.Debug|Any CPU.Build.0 = Debug|Any CPU
		{0A0F295D-D14D-4C86-B558-A08B8DB107D9}.Release|Any CPU.ActiveCfg = Release|Any CPU
		{0A0F295D-D14D-4C86-B558-A08B8DB107D9}.Release|Any CPU.Build.0 = Release|Any CPU
		{43B5863F-FF6B-4A58-B5CA-4841BFCC4171}.Debug|Any CPU.ActiveCfg = Debug|Any CPU
		{43B5863F-FF6B-4A58-B5CA-4841BFCC4171}.Debug|Any CPU.Build.0 = Debug|Any CPU
		{43B5863F-FF6B-4A58-B5CA-4841BFCC4171}.Release|Any CPU.ActiveCfg = Release|Any CPU
		{43B5863F-FF6B-4A58-B5CA-4841BFCC4171}.Release|Any CPU.Build.0 = Release|Any CPU
		{7663E06A-EE80-4D5A-9E2C-030D254A18CF}.Debug|Any CPU.ActiveCfg = Debug|Any CPU
		{7663E06A-EE80-4D5A-9E2C-030D254A18CF}.Debug|Any CPU.Build.0 = Debug|Any CPU
		{7663E06A-EE80-4D5A-9E2C-030D254A18CF}.Release|Any CPU.ActiveCfg = Release|Any CPU
		{7663E06A-EE80-4D5A-9E2C-030D254A18CF}.Release|Any CPU.Build.0 = Release|Any CPU
		{6011F0BE-884F-4351-B1A4-01599C75A006}.Debug|Any CPU.ActiveCfg = Debug|Any CPU
		{6011F0BE-884F-4351-B1A4-01599C75A006}.Debug|Any CPU.Build.0 = Debug|Any CPU
		{6011F0BE-884F-4351-B1A4-01599C75A006}.Release|Any CPU.ActiveCfg = Release|Any CPU
		{6011F0BE-884F-4351-B1A4-01599C75A006}.Release|Any CPU.Build.0 = Release|Any CPU
		{7CA206D0-7BF4-4A8B-823C-1BFA42BC206D}.Debug|Any CPU.ActiveCfg = Debug|Any CPU
		{7CA206D0-7BF4-4A8B-823C-1BFA42BC206D}.Debug|Any CPU.Build.0 = Debug|Any CPU
		{7CA206D0-7BF4-4A8B-823C-1BFA42BC206D}.Release|Any CPU.ActiveCfg = Release|Any CPU
		{7CA206D0-7BF4-4A8B-823C-1BFA42BC206D}.Release|Any CPU.Build.0 = Release|Any CPU
		{0FBF5A6A-4C11-4AA1-9F49-E04D5D7584E0}.Debug|Any CPU.ActiveCfg = Debug|Any CPU
		{0FBF5A6A-4C11-4AA1-9F49-E04D5D7584E0}.Debug|Any CPU.Build.0 = Debug|Any CPU
		{0FBF5A6A-4C11-4AA1-9F49-E04D5D7584E0}.Release|Any CPU.ActiveCfg = Release|Any CPU
		{0FBF5A6A-4C11-4AA1-9F49-E04D5D7584E0}.Release|Any CPU.Build.0 = Release|Any CPU
	EndGlobalSection
	GlobalSection(SolutionProperties) = preSolution
		HideSolutionNode = FALSE
	EndGlobalSection
	GlobalSection(NestedProjects) = preSolution
		{23235468-C03B-4B86-823C-0DBD91B3A025} = {541A6CCA-18E5-4FD2-AEE7-B6E33EEB3359}
		{D6B521C2-7AF3-47E7-A7D8-8A5965B500D3} = {8CDDE909-CDB0-4C8F-89FB-F05E32F4AA8D}
		{4ED32EE8-B62C-4126-ACE9-2FAD7F176D14} = {8CDDE909-CDB0-4C8F-89FB-F05E32F4AA8D}
		{C35BC8EA-890A-4567-96DD-0752F56A9E92} = {8CDDE909-CDB0-4C8F-89FB-F05E32F4AA8D}
		{8B2F6D3F-ACA1-4599-AC71-2BB2E64D6E70} = {8CDDE909-CDB0-4C8F-89FB-F05E32F4AA8D}
		{64D65762-2752-4438-BDA5-767BF3D7ED41} = {8CDDE909-CDB0-4C8F-89FB-F05E32F4AA8D}
		{813934FE-69E0-4DF3-A0F0-38EF4B44925C} = {40414E30-AEBA-4EE8-B937-BA18A0807A4B}
		{048EFC32-EA38-4ECA-A049-A5902878B8C9} = {40414E30-AEBA-4EE8-B937-BA18A0807A4B}
		{43B5863F-FF6B-4A58-B5CA-4841BFCC4171} = {C5D8D638-AB43-4A7D-8FF6-336B5798A776}
		{7663E06A-EE80-4D5A-9E2C-030D254A18CF} = {C5D8D638-AB43-4A7D-8FF6-336B5798A776}
	EndGlobalSection
	GlobalSection(ExtensibilityGlobals) = postSolution
		SolutionGuid = {461AA1B5-3A3C-452A-8F25-18BEDAC3EA0E}
	EndGlobalSection
EndGlobal
